
Microsoft Visual Studio Solution File, Format Version 12.00
Project("{FAE04EC0-301F-11D3-BF4B-00C04F79EFBC}") = "MinhThuc_Lab3", "MinhThuc_Lab3\MinhThuc_Lab3.csproj", "{4AAE4D55-C8A6-4455-998F-9EC3BBCCD8AC}"
EndProject
Global
	GlobalSection(SolutionConfigurationPlatforms) = preSolution
		Debug|Any CPU = Debug|Any CPU
		Release|Any CPU = Release|Any CPU
	EndGlobalSection
	GlobalSection(ProjectConfigurationPlatforms) = postSolution
		{4AAE4D55-C8A6-4455-998F-9EC3BBCCD8AC}.Debug|Any CPU.ActiveCfg = Debug|Any CPU
		{4AAE4D55-C8A6-4455-998F-9EC3BBCCD8AC}.Debug|Any CPU.Build.0 = Debug|Any CPU
		{4AAE4D55-C8A6-4455-998F-9EC3BBCCD8AC}.Release|Any CPU.ActiveCfg = Release|Any CPU
		{4AAE4D55-C8A6-4455-998F-9EC3BBCCD8AC}.Release|Any CPU.Build.0 = Release|Any CPU
	EndGlobalSection
EndGlobal
